
Microsoft Visual Studio Solution File, Format Version 12.00
# Visual Studio Version 17
VisualStudioVersion = 17.14.36109.1
MinimumVisualStudioVersion = 10.0.40219.1
Project("{8BC9CEB8-8B4A-11D0-8D11-00A0C91BC942}") = "VulkanApp", "VulkanApp.vcxproj", "{3936BEEE-0235-2D90-15B7-25271DFE7CBC}"
EndProject
Project("{54435603-DBB4-11D2-8724-00A0C9A8B90C}") = "Setup", "..\Setup\Setup.vdproj", "{4D1AC582-8087-5490-FCC2-03CEC5D22547}"
EndProject
Global
	GlobalSection(SolutionConfigurationPlatforms) = preSolution
		Debug|x64 = Debug|x64
		Debug|x86 = Debug|x86
		Release|x64 = Release|x64
		Release|x86 = Release|x86
	EndGlobalSection
	GlobalSection(ProjectConfigurationPlatforms) = postSolution
		{3936BEEE-0235-2D90-15B7-25271DFE7CBC}.Debug|x64.ActiveCfg = Debug|x64
		{3936BEEE-0235-2D90-15B7-25271DFE7CBC}.Debug|x64.Build.0 = Debug|x64
		{3936BEEE-0235-2D90-15B7-25271DFE7CBC}.Debug|x86.ActiveCfg = Debug|Win32
		{3936BEEE-0235-2D90-15B7-25271DFE7CBC}.Debug|x86.Build.0 = Debug|Win32
		{3936BEEE-0235-2D90-15B7-25271DFE7CBC}.Release|x64.ActiveCfg = Release|x64
		{3936BEEE-0235-2D90-15B7-25271DFE7CBC}.Release|x64.Build.0 = Release|x64
		{3936BEEE-0235-2D90-15B7-25271DFE7CBC}.Release|x86.ActiveCfg = Release|Win32
		{3936BEEE-0235-2D90-15B7-25271DFE7CBC}.Release|x86.Build.0 = Release|Win32
		{4D1AC582-8087-5490-FCC2-03CEC5D22547}.Debug|x64.ActiveCfg = Debug
		{4D1AC582-8087-5490-FCC2-03CEC5D22547}.Debug|x86.ActiveCfg = Debug
		{4D1AC582-8087-5490-FCC2-03CEC5D22547}.Release|x64.ActiveCfg = Release
		{4D1AC582-8087-5490-FCC2-03CEC5D22547}.Release|x86.ActiveCfg = Release
	EndGlobalSection
	GlobalSection(SolutionProperties) = preSolution
		HideSolutionNode = FALSE
	EndGlobalSection
	GlobalSection(ExtensibilityGlobals) = postSolution
		SolutionGuid = {F096D5FF-2F29-4977-8EE5-7762ECE25458}
	EndGlobalSection
EndGlobal
